// !$*UTF8*$!
{
	archiveVersion = 1;
	classes = {
	};
	objectVersion = 77;
	objects = {

/* Begin PBXContainerItemProxy section */
		B13C90CB2CE7CD1100D6B4D5 /* PBXContainerItemProxy */ = {
			isa = PBXContainerItemProxy;
			containerPortal = B13C90B12CE7CD0F00D6B4D5 /* Project object */;
			proxyType = 1;
			remoteGlobalIDString = B13C90B82CE7CD0F00D6B4D5;
			remoteInfo = Poofy;
		};
		B13C90D52CE7CD1100D6B4D5 /* PBXContainerItemProxy */ = {
			isa = PBXContainerItemProxy;
			containerPortal = B13C90B12CE7CD0F00D6B4D5 /* Project object */;
			proxyType = 1;
			remoteGlobalIDString = B13C90B82CE7CD0F00D6B4D5;
			remoteInfo = Poofy;
		};
/* End PBXContainerItemProxy section */

/* Begin PBXFileReference section */
		B13C99912CE7CD0F00D6B4D5 /* SimulatedLocation.gpx */ = {isa = PBXFileReference; fileEncoding = 4; lastKnownFileType = text.xml; name = SimulatedLocation.gpx; path = Poofy/SimulatedLocation.gpx; sourceTree = "<group>"; };
		B13C90B92CE7CD0F00D6B4D5 /* Poofy.app */ = {isa = PBXFileReference; explicitFileType = wrapper.application; includeInIndex = 0; path = Poofy.app; sourceTree = BUILT_PRODUCTS_DIR; };
		B13C90CA2CE7CD1100D6B4D5 /* PoofyTests.xctest */ = {isa = PBXFileReference; explicitFileType = wrapper.cfbundle; includeInIndex = 0; path = PoofyTests.xctest; sourceTree = BUILT_PRODUCTS_DIR; };
		B13C90D42CE7CD1100D6B4D5 /* PoofyUITests.xctest */ = {isa = PBXFileReference; explicitFileType = wrapper.cfbundle; includeInIndex = 0; path = PoofyUITests.xctest; sourceTree = BUILT_PRODUCTS_DIR; };
/* End PBXFileReference section */

/* Begin PBXFileSystemSynchronizedBuildFileExceptionSet section */
		B13C90F72CE7DB9800D6B4D5 /* Exceptions for "Poofy" folder in "Poofy" target */ = {
			isa = PBXFileSystemSynchronizedBuildFileExceptionSet;
			membershipExceptions = (
				Info.plist,
			);
			target = B13C90B82CE7CD0F00D6B4D5 /* Poofy */;
		};
/* End PBXFileSystemSynchronizedBuildFileExceptionSet section */

/* Begin PBXFileSystemSynchronizedRootGroup section */
		B13C90BB2CE7CD0F00D6B4D5 /* Poofy */ = {
			isa = PBXFileSystemSynchronizedRootGroup;
			exceptions = (
				B13C90F72CE7DB9800D6B4D5 /* Exceptions for "Poofy" folder in "Poofy" target */,
			);
			path = Poofy;
			sourceTree = "<group>";
		};
		B13C90CD2CE7CD1100D6B4D5 /* PoofyTests */ = {
			isa = PBXFileSystemSynchronizedRootGroup;
			path = PoofyTests;
			sourceTree = "<group>";
		};
		B13C90D72CE7CD1100D6B4D5 /* PoofyUITests */ = {
			isa = PBXFileSystemSynchronizedRootGroup;
			path = PoofyUITests;
			sourceTree = "<group>";
		};
/* End PBXFileSystemSynchronizedRootGroup section */

/* Begin PBXFrameworksBuildPhase section */
		B13C90B62CE7CD0F00D6B4D5 /* Frameworks */ = {
			isa = PBXFrameworksBuildPhase;
			buildActionMask = 2147483647;
			files = (
			);
			runOnlyForDeploymentPostprocessing = 0;
		};
		B13C90C72CE7CD1100D6B4D5 /* Frameworks */ = {
			isa = PBXFrameworksBuildPhase;
			buildActionMask = 2147483647;
			files = (
			);
			runOnlyForDeploymentPostprocessing = 0;
		};
		B13C90D12CE7CD1100D6B4D5 /* Frameworks */ = {
			isa = PBXFrameworksBuildPhase;
			buildActionMask = 2147483647;
			files = (
			);
			runOnlyForDeploymentPostprocessing = 0;
		};
/* End PBXFrameworksBuildPhase section */

/* Begin PBXGroup section */
		B13C90B02CE7CD0F00D6B4D5 = {
			isa = PBXGroup;
			children = (
				B13C99912CE7CD0F00D6B4D5 /* SimulatedLocation.gpx */,
				B13C90BB2CE7CD0F00D6B4D5 /* Poofy */,
				B13C90CD2CE7CD1100D6B4D5 /* PoofyTests */,
				B13C90D72CE7CD1100D6B4D5 /* PoofyUITests */,
				B13C90BA2CE7CD0F00D6B4D5 /* Products */,
			);
			sourceTree = "<group>";
		};
		B13C90BA2CE7CD0F00D6B4D5 /* Products */ = {
			isa = PBXGroup;
			children = (
				B13C90B92CE7CD0F00D6B4D5 /* Poofy.app */,
				B13C90CA2CE7CD1100D6B4D5 /* PoofyTests.xctest */,
				B13C90D42CE7CD1100D6B4D5 /* PoofyUITests.xctest */,
			);
			name = Products;
			sourceTree = "<group>";
		};
/* End PBXGroup section */

/* Begin PBXNativeTarget section */
		B13C90B82CE7CD0F00D6B4D5 /* Poofy */ = {
			isa = PBXNativeTarget;
			buildConfigurationList = B13C90DE2CE7CD1100D6B4D5 /* Build configuration list for PBXNativeTarget "Poofy" */;
			buildPhases = (
				B13C99922CE7CD0F00D6B4D5 /* ShellScript */,
				B13C90B52CE7CD0F00D6B4D5 /* Sources */,
				B13C90B62CE7CD0F00D6B4D5 /* Frameworks */,
				B13C90B72CE7CD0F00D6B4D5 /* Resources */,
			);
			buildRules = (
			);
			dependencies = (
			);
			fileSystemSynchronizedGroups = (
				B13C90BB2CE7CD0F00D6B4D5 /* Poofy */,
			);
			name = Poofy;
			packageProductDependencies = (
			);
			productName = Poofy;
			productReference = B13C90B92CE7CD0F00D6B4D5 /* Poofy.app */;
			productType = "com.apple.product-type.application";
		};
		B13C90C92CE7CD1100D6B4D5 /* PoofyTests */ = {
			isa = PBXNativeTarget;
			buildConfigurationList = B13C90E12CE7CD1100D6B4D5 /* Build configuration list for PBXNativeTarget "PoofyTests" */;
			buildPhases = (
				B13C90C62CE7CD1100D6B4D5 /* Sources */,
				B13C90C72CE7CD1100D6B4D5 /* Frameworks */,
				B13C90C82CE7CD1100D6B4D5 /* Resources */,
			);
			buildRules = (
			);
			dependencies = (
				B13C90CC2CE7CD1100D6B4D5 /* PBXTargetDependency */,
			);
			fileSystemSynchronizedGroups = (
				B13C90CD2CE7CD1100D6B4D5 /* PoofyTests */,
			);
			name = PoofyTests;
			packageProductDependencies = (
			);
			productName = PoofyTests;
			productReference = B13C90CA2CE7CD1100D6B4D5 /* PoofyTests.xctest */;
			productType = "com.apple.product-type.bundle.unit-test";
		};
		B13C90D32CE7CD1100D6B4D5 /* PoofyUITests */ = {
			isa = PBXNativeTarget;
			buildConfigurationList = B13C90E42CE7CD1100D6B4D5 /* Build configuration list for PBXNativeTarget "PoofyUITests" */;
			buildPhases = (
				B13C90D02CE7CD1100D6B4D5 /* Sources */,
				B13C90D12CE7CD1100D6B4D5 /* Frameworks */,
				B13C90D22CE7CD1100D6B4D5 /* Resources */,
			);
			buildRules = (
			);
			dependencies = (
				B13C90D62CE7CD1100D6B4D5 /* PBXTargetDependency */,
			);
			fileSystemSynchronizedGroups = (
				B13C90D72CE7CD1100D6B4D5 /* PoofyUITests */,
			);
			name = PoofyUITests;
			packageProductDependencies = (
			);
			productName = PoofyUITests;
			productReference = B13C90D42CE7CD1100D6B4D5 /* PoofyUITests.xctest */;
			productType = "com.apple.product-type.bundle.ui-testing";
		};
/* End PBXNativeTarget section */

/* Begin PBXProject section */
		B13C90B12CE7CD0F00D6B4D5 /* Project object */ = {
			isa = PBXProject;
			attributes = {
				BuildIndependentTargetsInParallel = 1;
				LastSwiftUpdateCheck = 1610;
				LastUpgradeCheck = 1610;
				TargetAttributes = {
					B13C90B82CE7CD0F00D6B4D5 = {
						CreatedOnToolsVersion = 16.1;
					};
					B13C90C92CE7CD1100D6B4D5 = {
						CreatedOnToolsVersion = 16.1;
						TestTargetID = B13C90B82CE7CD0F00D6B4D5;
					};
					B13C90D32CE7CD1100D6B4D5 = {
						CreatedOnToolsVersion = 16.1;
						TestTargetID = B13C90B82CE7CD0F00D6B4D5;
					};
				};
			};
			buildConfigurationList = B13C90B42CE7CD0F00D6B4D5 /* Build configuration list for PBXProject "Poofy" */;
			developmentRegion = en;
			hasScannedForEncodings = 0;
			knownRegions = (
				en,
				Base,
			);
			mainGroup = B13C90B02CE7CD0F00D6B4D5;
			minimizedProjectReferenceProxies = 1;
			preferredProjectObjectVersion = 77;
			productRefGroup = B13C90BA2CE7CD0F00D6B4D5 /* Products */;
			projectDirPath = "";
			projectRoot = "";
			targets = (
				B13C90B82CE7CD0F00D6B4D5 /* Poofy */,
				B13C90C92CE7CD1100D6B4D5 /* PoofyTests */,
				B13C90D32CE7CD1100D6B4D5 /* PoofyUITests */,
			);
		};
/* End PBXProject section */

/* Begin PBXResourcesBuildPhase section */
		B13C90B72CE7CD0F00D6B4D5 /* Resources */ = {
			isa = PBXResourcesBuildPhase;
			buildActionMask = 2147483647;
			files = (
			);
			runOnlyForDeploymentPostprocessing = 0;
		};
		B13C90C82CE7CD1100D6B4D5 /* Resources */ = {
			isa = PBXResourcesBuildPhase;
			buildActionMask = 2147483647;
			files = (
			);
			runOnlyForDeploymentPostprocessing = 0;
		};
		B13C90D22CE7CD1100D6B4D5 /* Resources */ = {
			isa = PBXResourcesBuildPhase;
			buildActionMask = 2147483647;
			files = (
			);
			runOnlyForDeploymentPostprocessing = 0;
		};
/* End PBXResourcesBuildPhase section */


/* Begin PBXShellScriptBuildPhase section */
		B13C99922CE7CD0F00D6B4D5 /* ShellScript */ = {
			isa = PBXShellScriptBuildPhase;
			buildActionMask = 2147483647;
			files = (
			);
			inputFileListPaths = (
			);
			inputPaths = (
			);
			outputFileListPaths = (
			);
			outputPaths = (
			);
			runOnlyForDeploymentPostprocessing = 0;
			shellPath = /bin/sh;
			shellScript = "\"${PROJECT_DIR}/Scripts/generate_gpx.sh\"";
		};
/* End PBXShellScriptBuildPhase section */
/* Begin PBXSourcesBuildPhase section */
		B13C90B52CE7CD0F00D6B4D5 /* Sources */ = {
			isa = PBXSourcesBuildPhase;
			buildActionMask = 2147483647;
			files = (
			);
			runOnlyForDeploymentPostprocessing = 0;
		};
		B13C90C62CE7CD1100D6B4D5 /* Sources */ = {
			isa = PBXSourcesBuildPhase;
			buildActionMask = 2147483647;
			files = (
			);
			runOnlyForDeploymentPostprocessing = 0;
		};
		B13C90D02CE7CD1100D6B4D5 /* Sources */ = {
			isa = PBXSourcesBuildPhase;
			buildActionMask = 2147483647;
			files = (
			);
			runOnlyForDeploymentPostprocessing = 0;
		};
/* End PBXSourcesBuildPhase section */

/* Begin PBXTargetDependency section */
		B13C90CC2CE7CD1100D6B4D5 /* PBXTargetDependency */ = {
			isa = PBXTargetDependency;
			target = B13C90B82CE7CD0F00D6B4D5 /* Poofy */;
			targetProxy = B13C90CB2CE7CD1100D6B4D5 /* PBXContainerItemProxy */;
		};
		B13C90D62CE7CD1100D6B4D5 /* PBXTargetDependency */ = {
			isa = PBXTargetDependency;
			target = B13C90B82CE7CD0F00D6B4D5 /* Poofy */;
			targetProxy = B13C90D52CE7CD1100D6B4D5 /* PBXContainerItemProxy */;
		};
/* End PBXTargetDependency section */

/* Begin XCBuildConfiguration section */
		B13C90DC2CE7CD1100D6B4D5 /* Debug */ = {
			isa = XCBuildConfiguration;
			buildSettings = {
				ALWAYS_SEARCH_USER_PATHS = NO;
				ASSETCATALOG_COMPILER_GENERATE_SWIFT_ASSET_SYMBOL_EXTENSIONS = YES;
				CLANG_ANALYZER_NONNULL = YES;
				CLANG_ANALYZER_NUMBER_OBJECT_CONVERSION = YES_AGGRESSIVE;
				CLANG_CXX_LANGUAGE_STANDARD = "gnu++20";
				CLANG_ENABLE_MODULES = YES;
				CLANG_ENABLE_OBJC_ARC = YES;
				CLANG_ENABLE_OBJC_WEAK = YES;
				CLANG_WARN_BLOCK_CAPTURE_AUTORELEASING = YES;
				CLANG_WARN_BOOL_CONVERSION = YES;
				CLANG_WARN_COMMA = YES;
				CLANG_WARN_CONSTANT_CONVERSION = YES;
				CLANG_WARN_DEPRECATED_OBJC_IMPLEMENTATIONS = YES;
				CLANG_WARN_DIRECT_OBJC_ISA_USAGE = YES_ERROR;
				CLANG_WARN_DOCUMENTATION_COMMENTS = YES;
				CLANG_WARN_EMPTY_BODY = YES;
				CLANG_WARN_ENUM_CONVERSION = YES;
				CLANG_WARN_INFINITE_RECURSION = YES;
				CLANG_WARN_INT_CONVERSION = YES;
				CLANG_WARN_NON_LITERAL_NULL_CONVERSION = YES;
				CLANG_WARN_OBJC_IMPLICIT_RETAIN_SELF = YES;
				CLANG_WARN_OBJC_LITERAL_CONVERSION = YES;
				CLANG_WARN_OBJC_ROOT_CLASS = YES_ERROR;
				CLANG_WARN_QUOTED_INCLUDE_IN_FRAMEWORK_HEADER = YES;
				CLANG_WARN_RANGE_LOOP_ANALYSIS = YES;
				CLANG_WARN_STRICT_PROTOTYPES = YES;
				CLANG_WARN_SUSPICIOUS_MOVE = YES;
				CLANG_WARN_UNGUARDED_AVAILABILITY = YES_AGGRESSIVE;
				CLANG_WARN_UNREACHABLE_CODE = YES;
				CLANG_WARN__DUPLICATE_METHOD_MATCH = YES;
				COPY_PHASE_STRIP = NO;
				DEBUG_INFORMATION_FORMAT = dwarf;
				ENABLE_STRICT_OBJC_MSGSEND = YES;
				ENABLE_TESTABILITY = YES;
				ENABLE_USER_SCRIPT_SANDBOXING = NO;
				GCC_C_LANGUAGE_STANDARD = gnu17;
				GCC_DYNAMIC_NO_PIC = NO;
				GCC_NO_COMMON_BLOCKS = YES;
				GCC_OPTIMIZATION_LEVEL = 0;
				GCC_PREPROCESSOR_DEFINITIONS = (
					"DEBUG=1",
					"$(inherited)",
				);
				GCC_WARN_64_TO_32_BIT_CONVERSION = YES;
				GCC_WARN_ABOUT_RETURN_TYPE = YES_ERROR;
				GCC_WARN_UNDECLARED_SELECTOR = YES;
				GCC_WARN_UNINITIALIZED_AUTOS = YES_AGGRESSIVE;
				GCC_WARN_UNUSED_FUNCTION = YES;
				GCC_WARN_UNUSED_VARIABLE = YES;
				LOCALIZATION_PREFERS_STRING_CATALOGS = YES;
				MTL_ENABLE_DEBUG_INFO = INCLUDE_SOURCE;
				MTL_FAST_MATH = YES;
				ONLY_ACTIVE_ARCH = YES;
				SWIFT_ACTIVE_COMPILATION_CONDITIONS = "DEBUG $(inherited)";
				SWIFT_OPTIMIZATION_LEVEL = "-Onone";
			};
			name = Debug;
		};
		B13C90DD2CE7CD1100D6B4D5 /* Release */ = {
			isa = XCBuildConfiguration;
			buildSettings = {
				ALWAYS_SEARCH_USER_PATHS = NO;
				ASSETCATALOG_COMPILER_GENERATE_SWIFT_ASSET_SYMBOL_EXTENSIONS = YES;
				CLANG_ANALYZER_NONNULL = YES;
				CLANG_ANALYZER_NUMBER_OBJECT_CONVERSION = YES_AGGRESSIVE;
				CLANG_CXX_LANGUAGE_STANDARD = "gnu++20";
				CLANG_ENABLE_MODULES = YES;
				CLANG_ENABLE_OBJC_ARC = YES;
				CLANG_ENABLE_OBJC_WEAK = YES;
				CLANG_WARN_BLOCK_CAPTURE_AUTORELEASING = YES;
				CLANG_WARN_BOOL_CONVERSION = YES;
				CLANG_WARN_COMMA = YES;
				CLANG_WARN_CONSTANT_CONVERSION = YES;
				CLANG_WARN_DEPRECATED_OBJC_IMPLEMENTATIONS = YES;
				CLANG_WARN_DIRECT_OBJC_ISA_USAGE = YES_ERROR;
				CLANG_WARN_DOCUMENTATION_COMMENTS = YES;
				CLANG_WARN_EMPTY_BODY = YES;
				CLANG_WARN_ENUM_CONVERSION = YES;
				CLANG_WARN_INFINITE_RECURSION = YES;
				CLANG_WARN_INT_CONVERSION = YES;
				CLANG_WARN_NON_LITERAL_NULL_CONVERSION = YES;
				CLANG_WARN_OBJC_IMPLICIT_RETAIN_SELF = YES;
				CLANG_WARN_OBJC_LITERAL_CONVERSION = YES;
				CLANG_WARN_OBJC_ROOT_CLASS = YES_ERROR;
				CLANG_WARN_QUOTED_INCLUDE_IN_FRAMEWORK_HEADER = YES;
				CLANG_WARN_RANGE_LOOP_ANALYSIS = YES;
				CLANG_WARN_STRICT_PROTOTYPES = YES;
				CLANG_WARN_SUSPICIOUS_MOVE = YES;
				CLANG_WARN_UNGUARDED_AVAILABILITY = YES_AGGRESSIVE;
				CLANG_WARN_UNREACHABLE_CODE = YES;
				CLANG_WARN__DUPLICATE_METHOD_MATCH = YES;
				COPY_PHASE_STRIP = NO;
				DEBUG_INFORMATION_FORMAT = "dwarf-with-dsym";
				ENABLE_NS_ASSERTIONS = NO;
				ENABLE_STRICT_OBJC_MSGSEND = YES;
				ENABLE_USER_SCRIPT_SANDBOXING = NO;
				GCC_C_LANGUAGE_STANDARD = gnu17;
				GCC_NO_COMMON_BLOCKS = YES;
				GCC_WARN_64_TO_32_BIT_CONVERSION = YES;
				GCC_WARN_ABOUT_RETURN_TYPE = YES_ERROR;
				GCC_WARN_UNDECLARED_SELECTOR = YES;
				GCC_WARN_UNINITIALIZED_AUTOS = YES_AGGRESSIVE;
				GCC_WARN_UNUSED_FUNCTION = YES;
				GCC_WARN_UNUSED_VARIABLE = YES;
				LOCALIZATION_PREFERS_STRING_CATALOGS = YES;
				MTL_ENABLE_DEBUG_INFO = NO;
				MTL_FAST_MATH = YES;
				SWIFT_COMPILATION_MODE = wholemodule;
			};
			name = Release;
		};
		B13C90DF2CE7CD1100D6B4D5 /* Debug */ = {
			isa = XCBuildConfiguration;
			buildSettings = {
				ASSETCATALOG_COMPILER_APPICON_NAME = AppIcon;
				ASSETCATALOG_COMPILER_GLOBAL_ACCENT_COLOR_NAME = AccentColor;
				CODE_SIGN_ENTITLEMENTS = Poofy/Poofy.entitlements;
				CODE_SIGN_STYLE = Automatic;
				CURRENT_PROJECT_VERSION = 1;
				DEVELOPMENT_ASSET_PATHS = "\"Poofy/Preview Content\"";
				DEVELOPMENT_TEAM = M76T8VT55M;
				ENABLE_HARDENED_RUNTIME = YES;
				ENABLE_PREVIEWS = YES;
				GENERATE_INFOPLIST_FILE = YES;
				INFOPLIST_FILE = Poofy/Info.plist;
				INFOPLIST_KEY_NSLocationAlwaysUsageDescription = "Required for location simulation";
				INFOPLIST_KEY_NSLocationWhenInUseUsageDescription = "Required for location simulation";
				"INFOPLIST_KEY_UIApplicationSceneManifest_Generation[sdk=iphoneos*]" = YES;
				"INFOPLIST_KEY_UIApplicationSceneManifest_Generation[sdk=iphonesimulator*]" = YES;
				"INFOPLIST_KEY_UIApplicationSupportsIndirectInputEvents[sdk=iphoneos*]" = YES;
				"INFOPLIST_KEY_UIApplicationSupportsIndirectInputEvents[sdk=iphonesimulator*]" = YES;
				"INFOPLIST_KEY_UILaunchScreen_Generation[sdk=iphoneos*]" = YES;
				"INFOPLIST_KEY_UILaunchScreen_Generation[sdk=iphonesimulator*]" = YES;
				"INFOPLIST_KEY_UIStatusBarStyle[sdk=iphoneos*]" = UIStatusBarStyleDefault;
				"INFOPLIST_KEY_UIStatusBarStyle[sdk=iphonesimulator*]" = UIStatusBarStyleDefault;
				INFOPLIST_KEY_UISupportedInterfaceOrientations_iPad = "UIInterfaceOrientationPortrait UIInterfaceOrientationPortraitUpsideDown UIInterfaceOrientationLandscapeLeft UIInterfaceOrientationLandscapeRight";
				IPHONEOS_DEPLOYMENT_TARGET = 18.1;
				LD_RUNPATH_SEARCH_PATHS = "@executable_path/Frameworks";
				"LD_RUNPATH_SEARCH_PATHS[sdk=macosx*]" = "@executable_path/../Frameworks";
				MACOSX_DEPLOYMENT_TARGET = 15.1;
				MARKETING_VERSION = 1.0;
				PRODUCT_BUNDLE_IDENTIFIER = poofy.Poofy;
				PRODUCT_NAME = "$(TARGET_NAME)";
				SDKROOT = auto;
				SUPPORTED_PLATFORMS = "iphoneos iphonesimulator macosx xros xrsimulator";
				SWIFT_EMIT_LOC_STRINGS = YES;
				SWIFT_VERSION = 5.0;
				TARGETED_DEVICE_FAMILY = "1,2,7";
				XROS_DEPLOYMENT_TARGET = 2.1;
			};
			name = Debug;
		};
		B13C90E02CE7CD1100D6B4D5 /* Release */ = {
			isa = XCBuildConfiguration;
			buildSettings = {
				ASSETCATALOG_COMPILER_APPICON_NAME = AppIcon;
				ASSETCATALOG_COMPILER_GLOBAL_ACCENT_COLOR_NAME = AccentColor;
				CODE_SIGN_ENTITLEMENTS = Poofy/Poofy.entitlements;
				CODE_SIGN_STYLE = Automatic;
				CURRENT_PROJECT_VERSION = 1;
				DEVELOPMENT_ASSET_PATHS = "\"Poofy/Preview Content\"";
				DEVELOPMENT_TEAM = M76T8VT55M;
				ENABLE_HARDENED_RUNTIME = YES;
				ENABLE_PREVIEWS = YES;
				GENERATE_INFOPLIST_FILE = YES;
				INFOPLIST_FILE = Poofy/Info.plist;
				INFOPLIST_KEY_NSLocationAlwaysUsageDescription = "Required for location simulation";
				INFOPLIST_KEY_NSLocationWhenInUseUsageDescription = "Required for location simulation";
				"INFOPLIST_KEY_UIApplicationSceneManifest_Generation[sdk=iphoneos*]" = YES;
				"INFOPLIST_KEY_UIApplicationSceneManifest_Generation[sdk=iphonesimulator*]" = YES;
				"INFOPLIST_KEY_UIApplicationSupportsIndirectInputEvents[sdk=iphoneos*]" = YES;
				"INFOPLIST_KEY_UIApplicationSupportsIndirectInputEvents[sdk=iphonesimulator*]" = YES;
				"INFOPLIST_KEY_UILaunchScreen_Generation[sdk=iphoneos*]" = YES;
				"INFOPLIST_KEY_UILaunchScreen_Generation[sdk=iphonesimulator*]" = YES;
				"INFOPLIST_KEY_UIStatusBarStyle[sdk=iphoneos*]" = UIStatusBarStyleDefault;
				"INFOPLIST_KEY_UIStatusBarStyle[sdk=iphonesimulator*]" = UIStatusBarStyleDefault;
				INFOPLIST_KEY_UISupportedInterfaceOrientations_iPad = "UIInterfaceOrientationPortrait UIInterfaceOrientationPortraitUpsideDown UIInterfaceOrientationLandscapeLeft UIInterfaceOrientationLandscapeRight";
				IPHONEOS_DEPLOYMENT_TARGET = 18.1;
				LD_RUNPATH_SEARCH_PATHS = "@executable_path/Frameworks";
				"LD_RUNPATH_SEARCH_PATHS[sdk=macosx*]" = "@executable_path/../Frameworks";
				MACOSX_DEPLOYMENT_TARGET = 15.1;
				MARKETING_VERSION = 1.0;
				PRODUCT_BUNDLE_IDENTIFIER = poofy.Poofy;
				PRODUCT_NAME = "$(TARGET_NAME)";
				SDKROOT = auto;
				SUPPORTED_PLATFORMS = "iphoneos iphonesimulator macosx xros xrsimulator";
				SWIFT_EMIT_LOC_STRINGS = YES;
				SWIFT_VERSION = 5.0;
				TARGETED_DEVICE_FAMILY = "1,2,7";
				XROS_DEPLOYMENT_TARGET = 2.1;
			};
			name = Release;
		};
		B13C90E22CE7CD1100D6B4D5 /* Debug */ = {
			isa = XCBuildConfiguration;
			buildSettings = {
				BUNDLE_LOADER = "$(TEST_HOST)";
				CODE_SIGN_STYLE = Automatic;
				CURRENT_PROJECT_VERSION = 1;
				DEVELOPMENT_TEAM = M76T8VT55M;
				GENERATE_INFOPLIST_FILE = YES;
				IPHONEOS_DEPLOYMENT_TARGET = 18.1;
				MACOSX_DEPLOYMENT_TARGET = 15.1;
				MARKETING_VERSION = 1.0;
				PRODUCT_BUNDLE_IDENTIFIER = poofy.PoofyTests;
				PRODUCT_NAME = "$(TARGET_NAME)";
				SDKROOT = auto;
				SUPPORTED_PLATFORMS = "iphoneos iphonesimulator macosx xros xrsimulator";
				SWIFT_EMIT_LOC_STRINGS = NO;
				SWIFT_VERSION = 5.0;
				TARGETED_DEVICE_FAMILY = "1,2,7";
				TEST_HOST = "$(BUILT_PRODUCTS_DIR)/Poofy.app/$(BUNDLE_EXECUTABLE_FOLDER_PATH)/Poofy";
				XROS_DEPLOYMENT_TARGET = 2.1;
			};
			name = Debug;
		};
		B13C90E32CE7CD1100D6B4D5 /* Release */ = {
			isa = XCBuildConfiguration;
			buildSettings = {
				BUNDLE_LOADER = "$(TEST_HOST)";
				CODE_SIGN_STYLE = Automatic;
				CURRENT_PROJECT_VERSION = 1;
				DEVELOPMENT_TEAM = M76T8VT55M;
				GENERATE_INFOPLIST_FILE = YES;
				IPHONEOS_DEPLOYMENT_TARGET = 18.1;
				MACOSX_DEPLOYMENT_TARGET = 15.1;
				MARKETING_VERSION = 1.0;
				PRODUCT_BUNDLE_IDENTIFIER = poofy.PoofyTests;
				PRODUCT_NAME = "$(TARGET_NAME)";
				SDKROOT = auto;
				SUPPORTED_PLATFORMS = "iphoneos iphonesimulator macosx xros xrsimulator";
				SWIFT_EMIT_LOC_STRINGS = NO;
				SWIFT_VERSION = 5.0;
				TARGETED_DEVICE_FAMILY = "1,2,7";
				TEST_HOST = "$(BUILT_PRODUCTS_DIR)/Poofy.app/$(BUNDLE_EXECUTABLE_FOLDER_PATH)/Poofy";
				XROS_DEPLOYMENT_TARGET = 2.1;
			};
			name = Release;
		};
		B13C90E52CE7CD1100D6B4D5 /* Debug */ = {
			isa = XCBuildConfiguration;
			buildSettings = {
				CODE_SIGN_STYLE = Automatic;
				CURRENT_PROJECT_VERSION = 1;
				DEVELOPMENT_TEAM = M76T8VT55M;
				GENERATE_INFOPLIST_FILE = YES;
				IPHONEOS_DEPLOYMENT_TARGET = 18.1;
				MACOSX_DEPLOYMENT_TARGET = 15.1;
				MARKETING_VERSION = 1.0;
				PRODUCT_BUNDLE_IDENTIFIER = poofy.PoofyUITests;
				PRODUCT_NAME = "$(TARGET_NAME)";
				SDKROOT = auto;
				SUPPORTED_PLATFORMS = "iphoneos iphonesimulator macosx xros xrsimulator";
				SWIFT_EMIT_LOC_STRINGS = NO;
				SWIFT_VERSION = 5.0;
				TARGETED_DEVICE_FAMILY = "1,2,7";
				TEST_TARGET_NAME = Poofy;
				XROS_DEPLOYMENT_TARGET = 2.1;
			};
			name = Debug;
		};
		B13C90E62CE7CD1100D6B4D5 /* Release */ = {
			isa = XCBuildConfiguration;
			buildSettings = {
				CODE_SIGN_STYLE = Automatic;
				CURRENT_PROJECT_VERSION = 1;
				DEVELOPMENT_TEAM = M76T8VT55M;
				GENERATE_INFOPLIST_FILE = YES;
				IPHONEOS_DEPLOYMENT_TARGET = 18.1;
				MACOSX_DEPLOYMENT_TARGET = 15.1;
				MARKETING_VERSION = 1.0;
				PRODUCT_BUNDLE_IDENTIFIER = poofy.PoofyUITests;
				PRODUCT_NAME = "$(TARGET_NAME)";
				SDKROOT = auto;
				SUPPORTED_PLATFORMS = "iphoneos iphonesimulator macosx xros xrsimulator";
				SWIFT_EMIT_LOC_STRINGS = NO;
				SWIFT_VERSION = 5.0;
				TARGETED_DEVICE_FAMILY = "1,2,7";
				TEST_TARGET_NAME = Poofy;
				XROS_DEPLOYMENT_TARGET = 2.1;
			};
			name = Release;
		};
/* End XCBuildConfiguration section */

/* Begin XCConfigurationList section */
		B13C90B42CE7CD0F00D6B4D5 /* Build configuration list for PBXProject "Poofy" */ = {
			isa = XCConfigurationList;
			buildConfigurations = (
				B13C90DC2CE7CD1100D6B4D5 /* Debug */,
				B13C90DD2CE7CD1100D6B4D5 /* Release */,
			);
			defaultConfigurationIsVisible = 0;
			defaultConfigurationName = Release;
		};
		B13C90DE2CE7CD1100D6B4D5 /* Build configuration list for PBXNativeTarget "Poofy" */ = {
			isa = XCConfigurationList;
			buildConfigurations = (
				B13C90DF2CE7CD1100D6B4D5 /* Debug */,
				B13C90E02CE7CD1100D6B4D5 /* Release */,
			);
			defaultConfigurationIsVisible = 0;
			defaultConfigurationName = Release;
		};
		B13C90E12CE7CD1100D6B4D5 /* Build configuration list for PBXNativeTarget "PoofyTests" */ = {
			isa = XCConfigurationList;
			buildConfigurations = (
				B13C90E22CE7CD1100D6B4D5 /* Debug */,
				B13C90E32CE7CD1100D6B4D5 /* Release */,
			);
			defaultConfigurationIsVisible = 0;
			defaultConfigurationName = Release;
		};
		B13C90E42CE7CD1100D6B4D5 /* Build configuration list for PBXNativeTarget "PoofyUITests" */ = {
			isa = XCConfigurationList;
			buildConfigurations = (
				B13C90E52CE7CD1100D6B4D5 /* Debug */,
				B13C90E62CE7CD1100D6B4D5 /* Release */,
			);
			defaultConfigurationIsVisible = 0;
			defaultConfigurationName = Release;
		};
/* End XCConfigurationList section */
	};
	rootObject = B13C90B12CE7CD0F00D6B4D5 /* Project object */;
}
